// !$*UTF8*$!
{
	archiveVersion = 1;
	classes = {
	};
	objectVersion = 50;
	objects = {

/* Begin PBXBuildFile section */
		91CFDEDD2415E51500C03BB5 /* AppDelegate.m in Sources */ = {isa = PBXBuildFile; fileRef = 91CFDEDC2415E51500C03BB5 /* AppDelegate.m */; };
		91CFDEE62415E51500C03BB5 /* Main.storyboard in Resources */ = {isa = PBXBuildFile; fileRef = 91CFDEE42415E51500C03BB5 /* Main.storyboard */; };
		91CFDEE82415E51700C03BB5 /* Assets.xcassets in Resources */ = {isa = PBXBuildFile; fileRef = 91CFDEE72415E51700C03BB5 /* Assets.xcassets */; };
		91CFDEEB2415E51700C03BB5 /* LaunchScreen.storyboard in Resources */ = {isa = PBXBuildFile; fileRef = 91CFDEE92415E51700C03BB5 /* LaunchScreen.storyboard */; };
		91CFDEEE2415E51700C03BB5 /* main.m in Sources */ = {isa = PBXBuildFile; fileRef = 91CFDEED2415E51700C03BB5 /* main.m */; };
		91CFDEF82415E51700C03BB5 /* SplitViewTestTests.m in Sources */ = {isa = PBXBuildFile; fileRef = 91CFDEF72415E51700C03BB5 /* SplitViewTestTests.m */; };
		91CFDF032415E51700C03BB5 /* SplitViewTestUITests.m in Sources */ = {isa = PBXBuildFile; fileRef = 91CFDF022415E51700C03BB5 /* SplitViewTestUITests.m */; };
		91CFDF122415E55C00C03BB5 /* MasterViewController.m in Sources */ = {isa = PBXBuildFile; fileRef = 91CFDF112415E55C00C03BB5 /* MasterViewController.m */; };
		91CFDF152415E56E00C03BB5 /* DetailViewController1.m in Sources */ = {isa = PBXBuildFile; fileRef = 91CFDF142415E56E00C03BB5 /* DetailViewController1.m */; };
		91CFDF182415E57B00C03BB5 /* DetailViewController2.m in Sources */ = {isa = PBXBuildFile; fileRef = 91CFDF172415E57B00C03BB5 /* DetailViewController2.m */; };
		91CFDF1B2415E58600C03BB5 /* DetailViewController3.m in Sources */ = {isa = PBXBuildFile; fileRef = 91CFDF1A2415E58600C03BB5 /* DetailViewController3.m */; };
		91CFDF1E2415E58F00C03BB5 /* DetailViewController4.m in Sources */ = {isa = PBXBuildFile; fileRef = 91CFDF1D2415E58F00C03BB5 /* DetailViewController4.m */; };
		91CFDF242415FB0400C03BB5 /* MainSplitViewController.m in Sources */ = {isa = PBXBuildFile; fileRef = 91CFDF232415FB0400C03BB5 /* MainSplitViewController.m */; };
/* End PBXBuildFile section */

/* Begin PBXContainerItemProxy section */
		91CFDEF42415E51700C03BB5 /* PBXContainerItemProxy */ = {
			isa = PBXContainerItemProxy;
			containerPortal = 91CFDED02415E51500C03BB5 /* Project object */;
			proxyType = 1;
			remoteGlobalIDString = 91CFDED72415E51500C03BB5;
			remoteInfo = SplitViewTest;
		};
		91CFDEFF2415E51700C03BB5 /* PBXContainerItemProxy */ = {
			isa = PBXContainerItemProxy;
			containerPortal = 91CFDED02415E51500C03BB5 /* Project object */;
			proxyType = 1;
			remoteGlobalIDString = 91CFDED72415E51500C03BB5;
			remoteInfo = SplitViewTest;
		};
/* End PBXContainerItemProxy section */

/* Begin PBXFileReference section */
		91CFDED82415E51500C03BB5 /* SplitViewTest.app */ = {isa = PBXFileReference; explicitFileType = wrapper.application; includeInIndex = 0; path = SplitViewTest.app; sourceTree = BUILT_PRODUCTS_DIR; };
		91CFDEDB2415E51500C03BB5 /* AppDelegate.h */ = {isa = PBXFileReference; lastKnownFileType = sourcecode.c.h; path = AppDelegate.h; sourceTree = "<group>"; };
		91CFDEDC2415E51500C03BB5 /* AppDelegate.m */ = {isa = PBXFileReference; lastKnownFileType = sourcecode.c.objc; path = AppDelegate.m; sourceTree = "<group>"; };
		91CFDEE52415E51500C03BB5 /* Base */ = {isa = PBXFileReference; lastKnownFileType = file.storyboard; name = Base; path = Base.lproj/Main.storyboard; sourceTree = "<group>"; };
		91CFDEE72415E51700C03BB5 /* Assets.xcassets */ = {isa = PBXFileReference; lastKnownFileType = folder.assetcatalog; path = Assets.xcassets; sourceTree = "<group>"; };
		91CFDEEA2415E51700C03BB5 /* Base */ = {isa = PBXFileReference; lastKnownFileType = file.storyboard; name = Base; path = Base.lproj/LaunchScreen.storyboard; sourceTree = "<group>"; };
		91CFDEEC2415E51700C03BB5 /* Info.plist */ = {isa = PBXFileReference; lastKnownFileType = text.plist.xml; path = Info.plist; sourceTree = "<group>"; };
		91CFDEED2415E51700C03BB5 /* main.m */ = {isa = PBXFileReference; lastKnownFileType = sourcecode.c.objc; path = main.m; sourceTree = "<group>"; };
		91CFDEF32415E51700C03BB5 /* SplitViewTestTests.xctest */ = {isa = PBXFileReference; explicitFileType = wrapper.cfbundle; includeInIndex = 0; path = SplitViewTestTests.xctest; sourceTree = BUILT_PRODUCTS_DIR; };
		91CFDEF72415E51700C03BB5 /* SplitViewTestTests.m */ = {isa = PBXFileReference; lastKnownFileType = sourcecode.c.objc; path = SplitViewTestTests.m; sourceTree = "<group>"; };
		91CFDEF92415E51700C03BB5 /* Info.plist */ = {isa = PBXFileReference; lastKnownFileType = text.plist.xml; path = Info.plist; sourceTree = "<group>"; };
		91CFDEFE2415E51700C03BB5 /* SplitViewTestUITests.xctest */ = {isa = PBXFileReference; explicitFileType = wrapper.cfbundle; includeInIndex = 0; path = SplitViewTestUITests.xctest; sourceTree = BUILT_PRODUCTS_DIR; };
		91CFDF022415E51700C03BB5 /* SplitViewTestUITests.m */ = {isa = PBXFileReference; lastKnownFileType = sourcecode.c.objc; path = SplitViewTestUITests.m; sourceTree = "<group>"; };
		91CFDF042415E51700C03BB5 /* Info.plist */ = {isa = PBXFileReference; lastKnownFileType = text.plist.xml; path = Info.plist; sourceTree = "<group>"; };
		91CFDF102415E55C00C03BB5 /* MasterViewController.h */ = {isa = PBXFileReference; lastKnownFileType = sourcecode.c.h; path = MasterViewController.h; sourceTree = "<group>"; };
		91CFDF112415E55C00C03BB5 /* MasterViewController.m */ = {isa = PBXFileReference; lastKnownFileType = sourcecode.c.objc; path = MasterViewController.m; sourceTree = "<group>"; };
		91CFDF132415E56E00C03BB5 /* DetailViewController1.h */ = {isa = PBXFileReference; lastKnownFileType = sourcecode.c.h; path = DetailViewController1.h; sourceTree = "<group>"; };
		91CFDF142415E56E00C03BB5 /* DetailViewController1.m */ = {isa = PBXFileReference; lastKnownFileType = sourcecode.c.objc; path = DetailViewController1.m; sourceTree = "<group>"; };
		91CFDF162415E57B00C03BB5 /* DetailViewController2.h */ = {isa = PBXFileReference; lastKnownFileType = sourcecode.c.h; path = DetailViewController2.h; sourceTree = "<group>"; };
		91CFDF172415E57B00C03BB5 /* DetailViewController2.m */ = {isa = PBXFileReference; lastKnownFileType = sourcecode.c.objc; path = DetailViewController2.m; sourceTree = "<group>"; };
		91CFDF192415E58600C03BB5 /* DetailViewController3.h */ = {isa = PBXFileReference; lastKnownFileType = sourcecode.c.h; path = DetailViewController3.h; sourceTree = "<group>"; };
		91CFDF1A2415E58600C03BB5 /* DetailViewController3.m */ = {isa = PBXFileReference; lastKnownFileType = sourcecode.c.objc; path = DetailViewController3.m; sourceTree = "<group>"; };
		91CFDF1C2415E58F00C03BB5 /* DetailViewController4.h */ = {isa = PBXFileReference; lastKnownFileType = sourcecode.c.h; path = DetailViewController4.h; sourceTree = "<group>"; };
		91CFDF1D2415E58F00C03BB5 /* DetailViewController4.m */ = {isa = PBXFileReference; lastKnownFileType = sourcecode.c.objc; path = DetailViewController4.m; sourceTree = "<group>"; };
		91CFDF222415FB0400C03BB5 /* MainSplitViewController.h */ = {isa = PBXFileReference; lastKnownFileType = sourcecode.c.h; path = MainSplitViewController.h; sourceTree = "<group>"; };
		91CFDF232415FB0400C03BB5 /* MainSplitViewController.m */ = {isa = PBXFileReference; lastKnownFileType = sourcecode.c.objc; path = MainSplitViewController.m; sourceTree = "<group>"; };
/* End PBXFileReference section */

/* Begin PBXFrameworksBuildPhase section */
		91CFDED52415E51500C03BB5 /* Frameworks */ = {
			isa = PBXFrameworksBuildPhase;
			buildActionMask = 2147483647;
			files = (
			);
			runOnlyForDeploymentPostprocessing = 0;
		};
		91CFDEF02415E51700C03BB5 /* Frameworks */ = {
			isa = PBXFrameworksBuildPhase;
			buildActionMask = 2147483647;
			files = (
			);
			runOnlyForDeploymentPostprocessing = 0;
		};
		91CFDEFB2415E51700C03BB5 /* Frameworks */ = {
			isa = PBXFrameworksBuildPhase;
			buildActionMask = 2147483647;
			files = (
			);
			runOnlyForDeploymentPostprocessing = 0;
		};
/* End PBXFrameworksBuildPhase section */

/* Begin PBXGroup section */
		91CFDECF2415E51500C03BB5 = {
			isa = PBXGroup;
			children = (
				91CFDEDA2415E51500C03BB5 /* SplitViewTest */,
				91CFDEF62415E51700C03BB5 /* SplitViewTestTests */,
				91CFDF012415E51700C03BB5 /* SplitViewTestUITests */,
				91CFDED92415E51500C03BB5 /* Products */,
			);
			sourceTree = "<group>";
		};
		91CFDED92415E51500C03BB5 /* Products */ = {
			isa = PBXGroup;
			children = (
				91CFDED82415E51500C03BB5 /* SplitViewTest.app */,
				91CFDEF32415E51700C03BB5 /* SplitViewTestTests.xctest */,
				91CFDEFE2415E51700C03BB5 /* SplitViewTestUITests.xctest */,
			);
			name = Products;
			sourceTree = "<group>";
		};
		91CFDEDA2415E51500C03BB5 /* SplitViewTest */ = {
			isa = PBXGroup;
			children = (
				91CFDEDB2415E51500C03BB5 /* AppDelegate.h */,
				91CFDEDC2415E51500C03BB5 /* AppDelegate.m */,
				91CFDF222415FB0400C03BB5 /* MainSplitViewController.h */,
				91CFDF232415FB0400C03BB5 /* MainSplitViewController.m */,
				91CFDF102415E55C00C03BB5 /* MasterViewController.h */,
				91CFDF112415E55C00C03BB5 /* MasterViewController.m */,
				91CFDF132415E56E00C03BB5 /* DetailViewController1.h */,
				91CFDF142415E56E00C03BB5 /* DetailViewController1.m */,
				91CFDF162415E57B00C03BB5 /* DetailViewController2.h */,
				91CFDF172415E57B00C03BB5 /* DetailViewController2.m */,
				91CFDF192415E58600C03BB5 /* DetailViewController3.h */,
				91CFDF1A2415E58600C03BB5 /* DetailViewController3.m */,
				91CFDF1C2415E58F00C03BB5 /* DetailViewController4.h */,
				91CFDF1D2415E58F00C03BB5 /* DetailViewController4.m */,
				91CFDEE42415E51500C03BB5 /* Main.storyboard */,
				91CFDEE72415E51700C03BB5 /* Assets.xcassets */,
				91CFDEE92415E51700C03BB5 /* LaunchScreen.storyboard */,
				91CFDEEC2415E51700C03BB5 /* Info.plist */,
				91CFDEED2415E51700C03BB5 /* main.m */,
			);
			path = SplitViewTest;
			sourceTree = "<group>";
		};
		91CFDEF62415E51700C03BB5 /* SplitViewTestTests */ = {
			isa = PBXGroup;
			children = (
				91CFDEF72415E51700C03BB5 /* SplitViewTestTests.m */,
				91CFDEF92415E51700C03BB5 /* Info.plist */,
			);
			path = SplitViewTestTests;
			sourceTree = "<group>";
		};
		91CFDF012415E51700C03BB5 /* SplitViewTestUITests */ = {
			isa = PBXGroup;
			children = (
				91CFDF022415E51700C03BB5 /* SplitViewTestUITests.m */,
				91CFDF042415E51700C03BB5 /* Info.plist */,
			);
			path = SplitViewTestUITests;
			sourceTree = "<group>";
		};
/* End PBXGroup section */

/* Begin PBXNativeTarget section */
		91CFDED72415E51500C03BB5 /* SplitViewTest */ = {
			isa = PBXNativeTarget;
			buildConfigurationList = 91CFDF072415E51700C03BB5 /* Build configuration list for PBXNativeTarget "SplitViewTest" */;
			buildPhases = (
				91CFDED42415E51500C03BB5 /* Sources */,
				91CFDED52415E51500C03BB5 /* Frameworks */,
				91CFDED62415E51500C03BB5 /* Resources */,
			);
			buildRules = (
			);
			dependencies = (
			);
			name = SplitViewTest;
			productName = SplitViewTest;
			productReference = 91CFDED82415E51500C03BB5 /* SplitViewTest.app */;
			productType = "com.apple.product-type.application";
		};
		91CFDEF22415E51700C03BB5 /* SplitViewTestTests */ = {
			isa = PBXNativeTarget;
			buildConfigurationList = 91CFDF0A2415E51700C03BB5 /* Build configuration list for PBXNativeTarget "SplitViewTestTests" */;
			buildPhases = (
				91CFDEEF2415E51700C03BB5 /* Sources */,
				91CFDEF02415E51700C03BB5 /* Frameworks */,
				91CFDEF12415E51700C03BB5 /* Resources */,
			);
			buildRules = (
			);
			dependencies = (
				91CFDEF52415E51700C03BB5 /* PBXTargetDependency */,
			);
			name = SplitViewTestTests;
			productName = SplitViewTestTests;
			productReference = 91CFDEF32415E51700C03BB5 /* SplitViewTestTests.xctest */;
			productType = "com.apple.product-type.bundle.unit-test";
		};
		91CFDEFD2415E51700C03BB5 /* SplitViewTestUITests */ = {
			isa = PBXNativeTarget;
			buildConfigurationList = 91CFDF0D2415E51700C03BB5 /* Build configuration list for PBXNativeTarget "SplitViewTestUITests" */;
			buildPhases = (
				91CFDEFA2415E51700C03BB5 /* Sources */,
				91CFDEFB2415E51700C03BB5 /* Frameworks */,
				91CFDEFC2415E51700C03BB5 /* Resources */,
			);
			buildRules = (
			);
			dependencies = (
				91CFDF002415E51700C03BB5 /* PBXTargetDependency */,
			);
			name = SplitViewTestUITests;
			productName = SplitViewTestUITests;
			productReference = 91CFDEFE2415E51700C03BB5 /* SplitViewTestUITests.xctest */;
			productType = "com.apple.product-type.bundle.ui-testing";
		};
/* End PBXNativeTarget section */

/* Begin PBXProject section */
		91CFDED02415E51500C03BB5 /* Project object */ = {
			isa = PBXProject;
			attributes = {
				LastUpgradeCheck = 1130;
				ORGANIZATIONNAME = "phone-ios";
				TargetAttributes = {
					91CFDED72415E51500C03BB5 = {
						CreatedOnToolsVersion = 11.3.1;
					};
					91CFDEF22415E51700C03BB5 = {
						CreatedOnToolsVersion = 11.3.1;
						TestTargetID = 91CFDED72415E51500C03BB5;
					};
					91CFDEFD2415E51700C03BB5 = {
						CreatedOnToolsVersion = 11.3.1;
						TestTargetID = 91CFDED72415E51500C03BB5;
					};
				};
			};
			buildConfigurationList = 91CFDED32415E51500C03BB5 /* Build configuration list for PBXProject "SplitViewTest" */;
			compatibilityVersion = "Xcode 9.3";
			developmentRegion = en;
			hasScannedForEncodings = 0;
			knownRegions = (
				en,
				Base,
			);
			mainGroup = 91CFDECF2415E51500C03BB5;
			productRefGroup = 91CFDED92415E51500C03BB5 /* Products */;
			projectDirPath = "";
			projectRoot = "";
			targets = (
				91CFDED72415E51500C03BB5 /* SplitViewTest */,
				91CFDEF22415E51700C03BB5 /* SplitViewTestTests */,
				91CFDEFD2415E51700C03BB5 /* SplitViewTestUITests */,
			);
		};
/* End PBXProject section */

/* Begin PBXResourcesBuildPhase section */
		91CFDED62415E51500C03BB5 /* Resources */ = {
			isa = PBXResourcesBuildPhase;
			buildActionMask = 2147483647;
			files = (
				91CFDEEB2415E51700C03BB5 /* LaunchScreen.storyboard in Resources */,
				91CFDEE82415E51700C03BB5 /* Assets.xcassets in Resources */,
				91CFDEE62415E51500C03BB5 /* Main.storyboard in Resources */,
			);
			runOnlyForDeploymentPostprocessing = 0;
		};
		91CFDEF12415E51700C03BB5 /* Resources */ = {
			isa = PBXResourcesBuildPhase;
			buildActionMask = 2147483647;
			files = (
			);
			runOnlyForDeploymentPostprocessing = 0;
		};
		91CFDEFC2415E51700C03BB5 /* Resources */ = {
			isa = PBXResourcesBuildPhase;
			buildActionMask = 2147483647;
			files = (
			);
			runOnlyForDeploymentPostprocessing = 0;
		};
/* End PBXResourcesBuildPhase section */

/* Begin PBXSourcesBuildPhase section */
		91CFDED42415E51500C03BB5 /* Sources */ = {
			isa = PBXSourcesBuildPhase;
			buildActionMask = 2147483647;
			files = (
				91CFDF1E2415E58F00C03BB5 /* DetailViewController4.m in Sources */,
				91CFDF1B2415E58600C03BB5 /* DetailViewController3.m in Sources */,
				91CFDF152415E56E00C03BB5 /* DetailViewController1.m in Sources */,
				91CFDF122415E55C00C03BB5 /* MasterViewController.m in Sources */,
				91CFDF242415FB0400C03BB5 /* MainSplitViewController.m in Sources */,
				91CFDEDD2415E51500C03BB5 /* AppDelegate.m in Sources */,
				91CFDF182415E57B00C03BB5 /* DetailViewController2.m in Sources */,
				91CFDEEE2415E51700C03BB5 /* main.m in Sources */,
			);
			runOnlyForDeploymentPostprocessing = 0;
		};
		91CFDEEF2415E51700C03BB5 /* Sources */ = {
			isa = PBXSourcesBuildPhase;
			buildActionMask = 2147483647;
			files = (
				91CFDEF82415E51700C03BB5 /* SplitViewTestTests.m in Sources */,
			);
			runOnlyForDeploymentPostprocessing = 0;
		};
		91CFDEFA2415E51700C03BB5 /* Sources */ = {
			isa = PBXSourcesBuildPhase;
			buildActionMask = 2147483647;
			files = (
				91CFDF032415E51700C03BB5 /* SplitViewTestUITests.m in Sources */,
			);
			runOnlyForDeploymentPostprocessing = 0;
		};
/* End PBXSourcesBuildPhase section */

/* Begin PBXTargetDependency section */
		91CFDEF52415E51700C03BB5 /* PBXTargetDependency */ = {
			isa = PBXTargetDependency;
			target = 91CFDED72415E51500C03BB5 /* SplitViewTest */;
			targetProxy = 91CFDEF42415E51700C03BB5 /* PBXContainerItemProxy */;
		};
		91CFDF002415E51700C03BB5 /* PBXTargetDependency */ = {
			isa = PBXTargetDependency;
			target = 91CFDED72415E51500C03BB5 /* SplitViewTest */;
			targetProxy = 91CFDEFF2415E51700C03BB5 /* PBXContainerItemProxy */;
		};
/* End PBXTargetDependency section */

/* Begin PBXVariantGroup section */
		91CFDEE42415E51500C03BB5 /* Main.storyboard */ = {
			isa = PBXVariantGroup;
			children = (
				91CFDEE52415E51500C03BB5 /* Base */,
			);
			name = Main.storyboard;
			sourceTree = "<group>";
		};
		91CFDEE92415E51700C03BB5 /* LaunchScreen.storyboard */ = {
			isa = PBXVariantGroup;
			children = (
				91CFDEEA2415E51700C03BB5 /* Base */,
			);
			name = LaunchScreen.storyboard;
			sourceTree = "<group>";
		};
/* End PBXVariantGroup section */

/* Begin XCBuildConfiguration section */
		91CFDF052415E51700C03BB5 /* Debug */ = {
			isa = XCBuildConfiguration;
			buildSettings = {
				ALWAYS_SEARCH_USER_PATHS = NO;
				CLANG_ANALYZER_NONNULL = YES;
				CLANG_ANALYZER_NUMBER_OBJECT_CONVERSION = YES_AGGRESSIVE;
				CLANG_CXX_LANGUAGE_STANDARD = "gnu++14";
				CLANG_CXX_LIBRARY = "libc++";
				CLANG_ENABLE_MODULES = YES;
				CLANG_ENABLE_OBJC_ARC = YES;
				CLANG_ENABLE_OBJC_WEAK = YES;
				CLANG_WARN_BLOCK_CAPTURE_AUTORELEASING = YES;
				CLANG_WARN_BOOL_CONVERSION = YES;
				CLANG_WARN_COMMA = YES;
				CLANG_WARN_CONSTANT_CONVERSION = YES;
				CLANG_WARN_DEPRECATED_OBJC_IMPLEMENTATIONS = YES;
				CLANG_WARN_DIRECT_OBJC_ISA_USAGE = YES_ERROR;
				CLANG_WARN_DOCUMENTATION_COMMENTS = YES;
				CLANG_WARN_EMPTY_BODY = YES;
				CLANG_WARN_ENUM_CONVERSION = YES;
				CLANG_WARN_INFINITE_RECURSION = YES;
				CLANG_WARN_INT_CONVERSION = YES;
				CLANG_WARN_NON_LITERAL_NULL_CONVERSION = YES;
				CLANG_WARN_OBJC_IMPLICIT_RETAIN_SELF = YES;
				CLANG_WARN_OBJC_LITERAL_CONVERSION = YES;
				CLANG_WARN_OBJC_ROOT_CLASS = YES_ERROR;
				CLANG_WARN_RANGE_LOOP_ANALYSIS = YES;
				CLANG_WARN_STRICT_PROTOTYPES = YES;
				CLANG_WARN_SUSPICIOUS_MOVE = YES;
				CLANG_WARN_UNGUARDED_AVAILABILITY = YES_AGGRESSIVE;
				CLANG_WARN_UNREACHABLE_CODE = YES;
				CLANG_WARN__DUPLICATE_METHOD_MATCH = YES;
				COPY_PHASE_STRIP = NO;
				DEBUG_INFORMATION_FORMAT = dwarf;
				ENABLE_STRICT_OBJC_MSGSEND = YES;
				ENABLE_TESTABILITY = YES;
				GCC_C_LANGUAGE_STANDARD = gnu11;
				GCC_DYNAMIC_NO_PIC = NO;
				GCC_NO_COMMON_BLOCKS = YES;
				GCC_OPTIMIZATION_LEVEL = 0;
				GCC_PREPROCESSOR_DEFINITIONS = (
					"DEBUG=1",
					"$(inherited)",
				);
				GCC_WARN_64_TO_32_BIT_CONVERSION = YES;
				GCC_WARN_ABOUT_RETURN_TYPE = YES_ERROR;
				GCC_WARN_UNDECLARED_SELECTOR = YES;
				GCC_WARN_UNINITIALIZED_AUTOS = YES_AGGRESSIVE;
				GCC_WARN_UNUSED_FUNCTION = YES;
				GCC_WARN_UNUSED_VARIABLE = YES;
				IPHONEOS_DEPLOYMENT_TARGET = 13.2;
				MTL_ENABLE_DEBUG_INFO = INCLUDE_SOURCE;
				MTL_FAST_MATH = YES;
				ONLY_ACTIVE_ARCH = YES;
				SDKROOT = iphoneos;
			};
			name = Debug;
		};
		91CFDF062415E51700C03BB5 /* Release */ = {
			isa = XCBuildConfiguration;
			buildSettings = {
				ALWAYS_SEARCH_USER_PATHS = NO;
				CLANG_ANALYZER_NONNULL = YES;
				CLANG_ANALYZER_NUMBER_OBJECT_CONVERSION = YES_AGGRESSIVE;
				CLANG_CXX_LANGUAGE_STANDARD = "gnu++14";
				CLANG_CXX_LIBRARY = "libc++";
				CLANG_ENABLE_MODULES = YES;
				CLANG_ENABLE_OBJC_ARC = YES;
				CLANG_ENABLE_OBJC_WEAK = YES;
				CLANG_WARN_BLOCK_CAPTURE_AUTORELEASING = YES;
				CLANG_WARN_BOOL_CONVERSION = YES;
				CLANG_WARN_COMMA = YES;
				CLANG_WARN_CONSTANT_CONVERSION = YES;
				CLANG_WARN_DEPRECATED_OBJC_IMPLEMENTATIONS = YES;
				CLANG_WARN_DIRECT_OBJC_ISA_USAGE = YES_ERROR;
				CLANG_WARN_DOCUMENTATION_COMMENTS = YES;
				CLANG_WARN_EMPTY_BODY = YES;
				CLANG_WARN_ENUM_CONVERSION = YES;
				CLANG_WARN_INFINITE_RECURSION = YES;
				CLANG_WARN_INT_CONVERSION = YES;
				CLANG_WARN_NON_LITERAL_NULL_CONVERSION = YES;
				CLANG_WARN_OBJC_IMPLICIT_RETAIN_SELF = YES;
				CLANG_WARN_OBJC_LITERAL_CONVERSION = YES;
				CLANG_WARN_OBJC_ROOT_CLASS = YES_ERROR;
				CLANG_WARN_RANGE_LOOP_ANALYSIS = YES;
				CLANG_WARN_STRICT_PROTOTYPES = YES;
				CLANG_WARN_SUSPICIOUS_MOVE = YES;
				CLANG_WARN_UNGUARDED_AVAILABILITY = YES_AGGRESSIVE;
				CLANG_WARN_UNREACHABLE_CODE = YES;
				CLANG_WARN__DUPLICATE_METHOD_MATCH = YES;
				COPY_PHASE_STRIP = NO;
				DEBUG_INFORMATION_FORMAT = "dwarf-with-dsym";
				ENABLE_NS_ASSERTIONS = NO;
				ENABLE_STRICT_OBJC_MSGSEND = YES;
				GCC_C_LANGUAGE_STANDARD = gnu11;
				GCC_NO_COMMON_BLOCKS = YES;
				GCC_WARN_64_TO_32_BIT_CONVERSION = YES;
				GCC_WARN_ABOUT_RETURN_TYPE = YES_ERROR;
				GCC_WARN_UNDECLARED_SELECTOR = YES;
				GCC_WARN_UNINITIALIZED_AUTOS = YES_AGGRESSIVE;
				GCC_WARN_UNUSED_FUNCTION = YES;
				GCC_WARN_UNUSED_VARIABLE = YES;
				IPHONEOS_DEPLOYMENT_TARGET = 13.2;
				MTL_ENABLE_DEBUG_INFO = NO;
				MTL_FAST_MATH = YES;
				SDKROOT = iphoneos;
				VALIDATE_PRODUCT = YES;
			};
			name = Release;
		};
		91CFDF082415E51700C03BB5 /* Debug */ = {
			isa = XCBuildConfiguration;
			buildSettings = {
				ASSETCATALOG_COMPILER_APPICON_NAME = AppIcon;
				CODE_SIGN_STYLE = Automatic;
				DEVELOPMENT_TEAM = R3578QD2XL;
				INFOPLIST_FILE = SplitViewTest/Info.plist;
				IPHONEOS_DEPLOYMENT_TARGET = 9.2;
				LD_RUNPATH_SEARCH_PATHS = (
					"$(inherited)",
					"@executable_path/Frameworks",
				);
				PRODUCT_BUNDLE_IDENTIFIER = com.hm.ios.SplitViewTest;
				PRODUCT_NAME = "$(TARGET_NAME)";
				TARGETED_DEVICE_FAMILY = 2;
			};
			name = Debug;
		};
		91CFDF092415E51700C03BB5 /* Release */ = {
			isa = XCBuildConfiguration;
			buildSettings = {
				ASSETCATALOG_COMPILER_APPICON_NAME = AppIcon;
				CODE_SIGN_STYLE = Automatic;
				DEVELOPMENT_TEAM = R3578QD2XL;
				INFOPLIST_FILE = SplitViewTest/Info.plist;
				IPHONEOS_DEPLOYMENT_TARGET = 9.2;
				LD_RUNPATH_SEARCH_PATHS = (
					"$(inherited)",
					"@executable_path/Frameworks",
				);
				PRODUCT_BUNDLE_IDENTIFIER = com.hm.ios.SplitViewTest;
				PRODUCT_NAME = "$(TARGET_NAME)";
				TARGETED_DEVICE_FAMILY = 2;
			};
			name = Release;
		};
		91CFDF0B2415E51700C03BB5 /* Debug */ = {
			isa = XCBuildConfiguration;
			buildSettings = {
				BUNDLE_LOADER = "$(TEST_HOST)";
				CODE_SIGN_STYLE = Automatic;
				INFOPLIST_FILE = SplitViewTestTests/Info.plist;
				IPHONEOS_DEPLOYMENT_TARGET = 13.2;
				LD_RUNPATH_SEARCH_PATHS = (
					"$(inherited)",
					"@executable_path/Frameworks",
					"@loader_path/Frameworks",
				);
				PRODUCT_BUNDLE_IDENTIFIER = com.hm.ios.SplitViewTestTests;
				PRODUCT_NAME = "$(TARGET_NAME)";
				TARGETED_DEVICE_FAMILY = "1,2";
				TEST_HOST = "$(BUILT_PRODUCTS_DIR)/SplitViewTest.app/SplitViewTest";
			};
			name = Debug;
		};
		91CFDF0C2415E51700C03BB5 /* Release */ = {
			isa = XCBuildConfiguration;
			buildSettings = {
				BUNDLE_LOADER = "$(TEST_HOST)";
				CODE_SIGN_STYLE = Automatic;
				INFOPLIST_FILE = SplitViewTestTests/Info.plist;
				IPHONEOS_DEPLOYMENT_TARGET = 13.2;
				LD_RUNPATH_SEARCH_PATHS = (
					"$(inherited)",
					"@executable_path/Frameworks",
					"@loader_path/Frameworks",
				);
				PRODUCT_BUNDLE_IDENTIFIER = com.hm.ios.SplitViewTestTests;
				PRODUCT_NAME = "$(TARGET_NAME)";
				TARGETED_DEVICE_FAMILY = "1,2";
				TEST_HOST = "$(BUILT_PRODUCTS_DIR)/SplitViewTest.app/SplitViewTest";
			};
			name = Release;
		};
		91CFDF0E2415E51700C03BB5 /* Debug */ = {
			isa = XCBuildConfiguration;
			buildSettings = {
				CODE_SIGN_STYLE = Automatic;
				INFOPLIST_FILE = SplitViewTestUITests/Info.plist;
				LD_RUNPATH_SEARCH_PATHS = (
					"$(inherited)",
					"@executable_path/Frameworks",
					"@loader_path/Frameworks",
				);
				PRODUCT_BUNDLE_IDENTIFIER = com.hm.ios.SplitViewTestUITests;
				PRODUCT_NAME = "$(TARGET_NAME)";
				TARGETED_DEVICE_FAMILY = "1,2";
				TEST_TARGET_NAME = SplitViewTest;
			};
			name = Debug;
		};
		91CFDF0F2415E51700C03BB5 /* Release */ = {
			isa = XCBuildConfiguration;
			buildSettings = {
				CODE_SIGN_STYLE = Automatic;
				INFOPLIST_FILE = SplitViewTestUITests/Info.plist;
				LD_RUNPATH_SEARCH_PATHS = (
					"$(inherited)",
					"@executable_path/Frameworks",
					"@loader_path/Frameworks",
				);
				PRODUCT_BUNDLE_IDENTIFIER = com.hm.ios.SplitViewTestUITests;
				PRODUCT_NAME = "$(TARGET_NAME)";
				TARGETED_DEVICE_FAMILY = "1,2";
				TEST_TARGET_NAME = SplitViewTest;
			};
			name = Release;
		};
/* End XCBuildConfiguration section */

/* Begin XCConfigurationList section */
		91CFDED32415E51500C03BB5 /* Build configuration list for PBXProject "SplitViewTest" */ = {
			isa = XCConfigurationList;
			buildConfigurations = (
				91CFDF052415E51700C03BB5 /* Debug */,
				91CFDF062415E51700C03BB5 /* Release */,
			);
			defaultConfigurationIsVisible = 0;
			defaultConfigurationName = Release;
		};
		91CFDF072415E51700C03BB5 /* Build configuration list for PBXNativeTarget "SplitViewTest" */ = {
			isa = XCConfigurationList;
			buildConfigurations = (
				91CFDF082415E51700C03BB5 /* Debug */,
				91CFDF092415E51700C03BB5 /* Release */,
			);
			defaultConfigurationIsVisible = 0;
			defaultConfigurationName = Release;
		};
		91CFDF0A2415E51700C03BB5 /* Build configuration list for PBXNativeTarget "SplitViewTestTests" */ = {
			isa = XCConfigurationList;
			buildConfigurations = (
				91CFDF0B2415E51700C03BB5 /* Debug */,
				91CFDF0C2415E51700C03BB5 /* Release */,
			);
			defaultConfigurationIsVisible = 0;
			defaultConfigurationName = Release;
		};
		91CFDF0D2415E51700C03BB5 /* Build configuration list for PBXNativeTarget "SplitViewTestUITests" */ = {
			isa = XCConfigurationList;
			buildConfigurations = (
				91CFDF0E2415E51700C03BB5 /* Debug */,
				91CFDF0F2415E51700C03BB5 /* Release */,
			);
			defaultConfigurationIsVisible = 0;
			defaultConfigurationName = Release;
		};
/* End XCConfigurationList section */
	};
	rootObject = 91CFDED02415E51500C03BB5 /* Project object */;
}
